
Microsoft Visual Studio Solution File, Format Version 12.00
# Visual Studio Version 17
VisualStudioVersion = 17.8.34330.188
MinimumVisualStudioVersion = 10.0.40219.1
Project("{FAE04EC0-301F-11D3-BF4B-00C04F79EFBC}") = "PhotinoAOT", "PhotinoAOT\PhotinoAOT.csproj", "{A729D3BC-F93F-4DD2-B077-4B0C38E8234D}"
EndProject
Global
	GlobalSection(SolutionConfigurationPlatforms) = preSolution
		Debug|Any CPU = Debug|Any CPU
		Release|Any CPU = Release|Any CPU
	EndGlobalSection
	GlobalSection(ProjectConfigurationPlatforms) = postSolution
		{A729D3BC-F93F-4DD2-B077-4B0C38E8234D}.Debug|Any CPU.ActiveCfg = Debug|Any CPU
		{A729D3BC-F93F-4DD2-B077-4B0C38E8234D}.Debug|Any CPU.Build.0 = Debug|Any CPU
		{A729D3BC-F93F-4DD2-B077-4B0C38E8234D}.Release|Any CPU.ActiveCfg = Release|Any CPU
		{A729D3BC-F93F-4DD2-B077-4B0C38E8234D}.Release|Any CPU.Build.0 = Release|Any CPU
	EndGlobalSection
	GlobalSection(SolutionProperties) = preSolution
		HideSolutionNode = FALSE
	EndGlobalSection
	GlobalSection(ExtensibilityGlobals) = postSolution
		SolutionGuid = {CCB2D6DF-F3E1-4C67-8C82-CB8A9C36C3F1}
	EndGlobalSection
EndGlobal
